
Microsoft Visual Studio Solution File, Format Version 12.00
# Visual Studio Version 16
VisualStudioVersion = 16.0.30517.126
MinimumVisualStudioVersion = 10.0.40219.1
Project("{F2A71F9B-5D33-465A-A702-920D77279786}") = "ConsoleApp1", "ConsoleApp1\ConsoleApp1.fsproj", "{81005DDA-EB33-4A1D-A3E0-083A94C84DB8}"
EndProject
Global
	GlobalSection(SolutionConfigurationPlatforms) = preSolution
		Debug|Any CPU = Debug|Any CPU
		Release|Any CPU = Release|Any CPU
	EndGlobalSection
	GlobalSection(ProjectConfigurationPlatforms) = postSolution
		{81005DDA-EB33-4A1D-A3E0-083A94C84DB8}.Debug|Any CPU.ActiveCfg = Debug|Any CPU
		{81005DDA-EB33-4A1D-A3E0-083A94C84DB8}.Debug|Any CPU.Build.0 = Debug|Any CPU
		{81005DDA-EB33-4A1D-A3E0-083A94C84DB8}.Release|Any CPU.ActiveCfg = Release|Any CPU
		{81005DDA-EB33-4A1D-A3E0-083A94C84DB8}.Release|Any CPU.Build.0 = Release|Any CPU
	EndGlobalSection
	GlobalSection(SolutionProperties) = preSolution
		HideSolutionNode = FALSE
	EndGlobalSection
	GlobalSection(ExtensibilityGlobals) = postSolution
		SolutionGuid = {584F4651-880F-4CD6-9A92-F0ABDD7973DB}
	EndGlobalSection
EndGlobal
